{
  "name": "OOTPiSP",
  "lockfileVersion": 3,
  "requires": true,
  "packages": {
    "": {
      "devDependencies": {
        "ts-add-js-extension": "^1.6.5",
        "typescript": "^5.7.3"
      }
    },
    "node_modules/ts-add-js-extension": {
      "version": "1.6.5",
      "resolved": "https://registry.npmjs.org/ts-add-js-extension/-/ts-add-js-extension-1.6.5.tgz",
      "integrity": "sha512-ijPXEuexDZorzkqBRGwYSS9tyqJYhhCvK92qIRussMnQD7FC4b38aL58XDI5OhLMQUR5fAyA9FCQmV+RCRfukA==",
      "dev": true,
      "license": "MIT",
      "dependencies": {
        "typescript": "^5.6.3"
      },
      "bin": {
        "ts-add-js-extension": "build/cjs/bin.js"
      }
    },
    "node_modules/typescript": {
      "version": "5.7.3",
      "resolved": "https://registry.npmjs.org/typescript/-/typescript-5.7.3.tgz",
      "integrity": "sha512-84MVSjMEHP+FQRPy3pX9sTVV/INIex71s9TL2Gm5FG/WG1SqXeKyZ0k7/blY/4FdOzI12CBy1vGc4og/eus0fw==",
      "dev": true,
      "license": "Apache-2.0",
      "bin": {
        "tsc": "bin/tsc",
        "tsserver": "bin/tsserver"
      },
      "engines": {
        "node": ">=14.17"
      }
    }
  }
}
